Microsoft Visual Studio Solution File, Format Version 12.00
# Visual Studio Version 17
VisualStudioVersion = 17.5.2.0
MinimumVisualStudioVersion = 10.0.40219.1
Project("{FAE04EC0-301F-11D3-BF4B-00C04F79EFBC}") = "EntityFrameworkLinq", "EntityFrameworkLinq.csproj", "{03F4D0BC-7F07-54AB-5AD7-1BBFD079CC50}"
EndProject
Global
	GlobalSection(SolutionConfigurationPlatforms) = preSolution
		Debug|Any CPU = Debug|Any CPU
		Release|Any CPU = Release|Any CPU
	EndGlobalSection
	GlobalSection(ProjectConfigurationPlatforms) = postSolution
		{03F4D0BC-7F07-54AB-5AD7-1BBFD079CC50}.Debug|Any CPU.ActiveCfg = Debug|Any CPU
		{03F4D0BC-7F07-54AB-5AD7-1BBFD079CC50}.Debug|Any CPU.Build.0 = Debug|Any CPU
		{03F4D0BC-7F07-54AB-5AD7-1BBFD079CC50}.Release|Any CPU.ActiveCfg = Release|Any CPU
		{03F4D0BC-7F07-54AB-5AD7-1BBFD079CC50}.Release|Any CPU.Build.0 = Release|Any CPU
	EndGlobalSection
	GlobalSection(SolutionProperties) = preSolution
		HideSolutionNode = FALSE
	EndGlobalSection
	GlobalSection(ExtensibilityGlobals) = postSolution
		SolutionGuid = {688A47F2-E5EC-423E-A265-9844B3E8BB6C}
	EndGlobalSection
EndGlobal
