Microsoft Visual Studio Solution File, Format Version 12.00
# Visual Studio Version 17
VisualStudioVersion = 17.5.2.0
MinimumVisualStudioVersion = 10.0.40219.1
Project("{FAE04EC0-301F-11D3-BF4B-00C04F79EFBC}") = "Reflection", "Reflection.csproj", "{523094D8-EDFA-8F98-9C16-D4CEF36E2A71}"
EndProject
Global
	GlobalSection(SolutionConfigurationPlatforms) = preSolution
		Debug|Any CPU = Debug|Any CPU
		Release|Any CPU = Release|Any CPU
	EndGlobalSection
	GlobalSection(ProjectConfigurationPlatforms) = postSolution
		{523094D8-EDFA-8F98-9C16-D4CEF36E2A71}.Debug|Any CPU.ActiveCfg = Debug|Any CPU
		{523094D8-EDFA-8F98-9C16-D4CEF36E2A71}.Debug|Any CPU.Build.0 = Debug|Any CPU
		{523094D8-EDFA-8F98-9C16-D4CEF36E2A71}.Release|Any CPU.ActiveCfg = Release|Any CPU
		{523094D8-EDFA-8F98-9C16-D4CEF36E2A71}.Release|Any CPU.Build.0 = Release|Any CPU
	EndGlobalSection
	GlobalSection(SolutionProperties) = preSolution
		HideSolutionNode = FALSE
	EndGlobalSection
	GlobalSection(ExtensibilityGlobals) = postSolution
		SolutionGuid = {95261FF5-E747-44BD-852F-FC892BCDEF22}
	EndGlobalSection
EndGlobal
